
Microsoft Visual Studio Solution File, Format Version 12.00
# Visual Studio Version 17
VisualStudioVersion = 17.1.32228.430
MinimumVisualStudioVersion = 15.0.26124.0
Project("{9A19103F-16F7-4668-BE54-9A1E7A4F7556}") = "Blazored.Storage", "src\Blazored.Storage\Blazored.Storage.csproj", "{EFA12DC3-35DE-449C-88F2-2BD7576CAF2C}"
EndProject
Project("{2150E333-8FDC-42A3-9474-1A3956D46DE8}") = "samples", "samples", "{F20B2AAB-FB71-4A1C-82FE-F1750B922BF6}"
EndProject
Project("{9A19103F-16F7-4668-BE54-9A1E7A4F7556}") = "BlazorWebAssembly", "samples\Blazored.LocalStorage\BlazorWebAssembly\BlazorWebAssembly.csproj", "{D6953CE0-6AD5-434C-99AA-7FF1E26724D4}"
EndProject
Project("{2150E333-8FDC-42A3-9474-1A3956D46DE8}") = "Solution Items", "Solution Items", "{9170D7A9-70CE-48E3-88A3-F11D2983103E}"
	ProjectSection(SolutionItems) = preProject
		Blazored.LocalStorage.README.md = Blazored.LocalStorage.README.md
		Blazored.SessionStorage.README.md = Blazored.SessionStorage.README.md
		Directory.Build.props = Directory.Build.props
		README.md = README.md
	EndProjectSection
EndProject
Project("{2150E333-8FDC-42A3-9474-1A3956D46DE8}") = "Tests", "Tests", "{B82A5126-EE01-4B4D-B642-F954B6E4E695}"
EndProject
Project("{9A19103F-16F7-4668-BE54-9A1E7A4F7556}") = "Blazored.LocalStorage.Tests", "tests\Blazored.LocalStorage.Tests\Blazored.LocalStorage.Tests.csproj", "{5A6A013E-325D-4A5F-B2FA-659B4FD2BDBC}"
EndProject
Project("{9A19103F-16F7-4668-BE54-9A1E7A4F7556}") = "bUnitExample", "samples\Blazored.LocalStorage\bUnitExample\bUnitExample.csproj", "{10F6FB83-3135-4B73-B0EB-D008A31AE8FA}"
EndProject
Project("{9A19103F-16F7-4668-BE54-9A1E7A4F7556}") = "Blazored.LocalStorage.TestExtensions", "src\Blazored.LocalStorage.TestExtensions\Blazored.LocalStorage.TestExtensions.csproj", "{650F351B-06A0-4D65-8A55-C9FF8D5BC177}"
EndProject
Project("{FAE04EC0-301F-11D3-BF4B-00C04F79EFBC}") = "InteractiveServer", "samples\Blazored.LocalStorage\InteractiveServer\InteractiveServer.csproj", "{8AC00DB6-28AF-4EA5-BB4E-9A393F574575}"
EndProject
Project("{2150E333-8FDC-42A3-9474-1A3956D46DE8}") = "Blazored.LocalStorage", "Blazored.LocalStorage", "{02EA681E-C7D8-13C7-8484-4AC65E1B71E8}"
EndProject
Project("{2150E333-8FDC-42A3-9474-1A3956D46DE8}") = "Blazored.SessionStorage", "Blazored.SessionStorage", "{E5165ACA-0932-44A0-BCA4-BCF0FC2F8EFB}"
EndProject
Project("{FAE04EC0-301F-11D3-BF4B-00C04F79EFBC}") = "BlazorServer", "samples\Blazored.SessionStorage\BlazorServer\BlazorServer.csproj", "{F756D476-58CF-9982-48C5-4702AB5F6820}"
EndProject
Project("{FAE04EC0-301F-11D3-BF4B-00C04F79EFBC}") = "BlazorWebAssembly", "samples\Blazored.SessionStorage\BlazorWebAssembly\BlazorWebAssembly.csproj", "{FAA6E823-BC41-995C-AC51-236B5D846158}"
EndProject
Project("{FAE04EC0-301F-11D3-BF4B-00C04F79EFBC}") = "bUnitExample", "samples\Blazored.SessionStorage\bUnitExample\bUnitExample.csproj", "{A0C223E1-EDB0-D432-171E-EDAFF707F8C9}"
EndProject
Project("{FAE04EC0-301F-11D3-BF4B-00C04F79EFBC}") = "Blazored.SessionStorage.Tests", "tests\Blazored.SessionStorage.Tests\Blazored.SessionStorage.Tests.csproj", "{4E2CAEAA-8717-0D5E-75B9-3BFD0A5B23B6}"
EndProject
Project("{FAE04EC0-301F-11D3-BF4B-00C04F79EFBC}") = "Blazored.SessionStorage.TestExtensions", "src\Blazored.SessionStorage.TestExtensions\Blazored.SessionStorage.TestExtensions.csproj", "{0D4F08FF-90B7-0F15-AF69-C36007996070}"
EndProject
Global
	GlobalSection(SolutionConfigurationPlatforms) = preSolution
		Debug|Any CPU = Debug|Any CPU
		Debug|x64 = Debug|x64
		Debug|x86 = Debug|x86
		Release|Any CPU = Release|Any CPU
		Release|x64 = Release|x64
		Release|x86 = Release|x86
	EndGlobalSection
	GlobalSection(ProjectConfigurationPlatforms) = postSolution
		{EFA12DC3-35DE-449C-88F2-2BD7576CAF2C}.Debug|Any CPU.ActiveCfg = Debug|Any CPU
		{EFA12DC3-35DE-449C-88F2-2BD7576CAF2C}.Debug|Any CPU.Build.0 = Debug|Any CPU
		{EFA12DC3-35DE-449C-88F2-2BD7576CAF2C}.Debug|x64.ActiveCfg = Debug|Any CPU
		{EFA12DC3-35DE-449C-88F2-2BD7576CAF2C}.Debug|x64.Build.0 = Debug|Any CPU
		{EFA12DC3-35DE-449C-88F2-2BD7576CAF2C}.Debug|x86.ActiveCfg = Debug|Any CPU
		{EFA12DC3-35DE-449C-88F2-2BD7576CAF2C}.Debug|x86.Build.0 = Debug|Any CPU
		{EFA12DC3-35DE-449C-88F2-2BD7576CAF2C}.Release|Any CPU.ActiveCfg = Release|Any CPU
		{EFA12DC3-35DE-449C-88F2-2BD7576CAF2C}.Release|Any CPU.Build.0 = Release|Any CPU
		{EFA12DC3-35DE-449C-88F2-2BD7576CAF2C}.Release|x64.ActiveCfg = Release|Any CPU
		{EFA12DC3-35DE-449C-88F2-2BD7576CAF2C}.Release|x64.Build.0 = Release|Any CPU
		{EFA12DC3-35DE-449C-88F2-2BD7576CAF2C}.Release|x86.ActiveCfg = Release|Any CPU
		{EFA12DC3-35DE-449C-88F2-2BD7576CAF2C}.Release|x86.Build.0 = Release|Any CPU
		{D6953CE0-6AD5-434C-99AA-7FF1E26724D4}.Debug|Any CPU.ActiveCfg = Debug|Any CPU
		{D6953CE0-6AD5-434C-99AA-7FF1E26724D4}.Debug|Any CPU.Build.0 = Debug|Any CPU
		{D6953CE0-6AD5-434C-99AA-7FF1E26724D4}.Debug|x64.ActiveCfg = Debug|Any CPU
		{D6953CE0-6AD5-434C-99AA-7FF1E26724D4}.Debug|x64.Build.0 = Debug|Any CPU
		{D6953CE0-6AD5-434C-99AA-7FF1E26724D4}.Debug|x86.ActiveCfg = Debug|Any CPU
		{D6953CE0-6AD5-434C-99AA-7FF1E26724D4}.Debug|x86.Build.0 = Debug|Any CPU
		{D6953CE0-6AD5-434C-99AA-7FF1E26724D4}.Release|Any CPU.ActiveCfg = Release|Any CPU
		{D6953CE0-6AD5-434C-99AA-7FF1E26724D4}.Release|Any CPU.Build.0 = Release|Any CPU
		{D6953CE0-6AD5-434C-99AA-7FF1E26724D4}.Release|x64.ActiveCfg = Release|Any CPU
		{D6953CE0-6AD5-434C-99AA-7FF1E26724D4}.Release|x64.Build.0 = Release|Any CPU
		{D6953CE0-6AD5-434C-99AA-7FF1E26724D4}.Release|x86.ActiveCfg = Release|Any CPU
		{D6953CE0-6AD5-434C-99AA-7FF1E26724D4}.Release|x86.Build.0 = Release|Any CPU
		{5A6A013E-325D-4A5F-B2FA-659B4FD2BDBC}.Debug|Any CPU.ActiveCfg = Debug|Any CPU
		{5A6A013E-325D-4A5F-B2FA-659B4FD2BDBC}.Debug|Any CPU.Build.0 = Debug|Any CPU
		{5A6A013E-325D-4A5F-B2FA-659B4FD2BDBC}.Debug|x64.ActiveCfg = Debug|Any CPU
		{5A6A013E-325D-4A5F-B2FA-659B4FD2BDBC}.Debug|x64.Build.0 = Debug|Any CPU
		{5A6A013E-325D-4A5F-B2FA-659B4FD2BDBC}.Debug|x86.ActiveCfg = Debug|Any CPU
		{5A6A013E-325D-4A5F-B2FA-659B4FD2BDBC}.Debug|x86.Build.0 = Debug|Any CPU
		{5A6A013E-325D-4A5F-B2FA-659B4FD2BDBC}.Release|Any CPU.ActiveCfg = Release|Any CPU
		{5A6A013E-325D-4A5F-B2FA-659B4FD2BDBC}.Release|Any CPU.Build.0 = Release|Any CPU
		{5A6A013E-325D-4A5F-B2FA-659B4FD2BDBC}.Release|x64.ActiveCfg = Release|Any CPU
		{5A6A013E-325D-4A5F-B2FA-659B4FD2BDBC}.Release|x64.Build.0 = Release|Any CPU
		{5A6A013E-325D-4A5F-B2FA-659B4FD2BDBC}.Release|x86.ActiveCfg = Release|Any CPU
		{5A6A013E-325D-4A5F-B2FA-659B4FD2BDBC}.Release|x86.Build.0 = Release|Any CPU
		{10F6FB83-3135-4B73-B0EB-D008A31AE8FA}.Debug|Any CPU.ActiveCfg = Debug|Any CPU
		{10F6FB83-3135-4B73-B0EB-D008A31AE8FA}.Debug|Any CPU.Build.0 = Debug|Any CPU
		{10F6FB83-3135-4B73-B0EB-D008A31AE8FA}.Debug|x64.ActiveCfg = Debug|Any CPU
		{10F6FB83-3135-4B73-B0EB-D008A31AE8FA}.Debug|x64.Build.0 = Debug|Any CPU
		{10F6FB83-3135-4B73-B0EB-D008A31AE8FA}.Debug|x86.ActiveCfg = Debug|Any CPU
		{10F6FB83-3135-4B73-B0EB-D008A31AE8FA}.Debug|x86.Build.0 = Debug|Any CPU
		{10F6FB83-3135-4B73-B0EB-D008A31AE8FA}.Release|Any CPU.ActiveCfg = Release|Any CPU
		{10F6FB83-3135-4B73-B0EB-D008A31AE8FA}.Release|Any CPU.Build.0 = Release|Any CPU
		{10F6FB83-3135-4B73-B0EB-D008A31AE8FA}.Release|x64.ActiveCfg = Release|Any CPU
		{10F6FB83-3135-4B73-B0EB-D008A31AE8FA}.Release|x64.Build.0 = Release|Any CPU
		{10F6FB83-3135-4B73-B0EB-D008A31AE8FA}.Release|x86.ActiveCfg = Release|Any CPU
		{10F6FB83-3135-4B73-B0EB-D008A31AE8FA}.Release|x86.Build.0 = Release|Any CPU
		{650F351B-06A0-4D65-8A55-C9FF8D5BC177}.Debug|Any CPU.ActiveCfg = Debug|Any CPU
		{650F351B-06A0-4D65-8A55-C9FF8D5BC177}.Debug|Any CPU.Build.0 = Debug|Any CPU
		{650F351B-06A0-4D65-8A55-C9FF8D5BC177}.Debug|x64.ActiveCfg = Debug|Any CPU
		{650F351B-06A0-4D65-8A55-C9FF8D5BC177}.Debug|x64.Build.0 = Debug|Any CPU
		{650F351B-06A0-4D65-8A55-C9FF8D5BC177}.Debug|x86.ActiveCfg = Debug|Any CPU
		{650F351B-06A0-4D65-8A55-C9FF8D5BC177}.Debug|x86.Build.0 = Debug|Any CPU
		{650F351B-06A0-4D65-8A55-C9FF8D5BC177}.Release|Any CPU.ActiveCfg = Release|Any CPU
		{650F351B-06A0-4D65-8A55-C9FF8D5BC177}.Release|Any CPU.Build.0 = Release|Any CPU
		{650F351B-06A0-4D65-8A55-C9FF8D5BC177}.Release|x64.ActiveCfg = Release|Any CPU
		{650F351B-06A0-4D65-8A55-C9FF8D5BC177}.Release|x64.Build.0 = Release|Any CPU
		{650F351B-06A0-4D65-8A55-C9FF8D5BC177}.Release|x86.ActiveCfg = Release|Any CPU
		{650F351B-06A0-4D65-8A55-C9FF8D5BC177}.Release|x86.Build.0 = Release|Any CPU
		{8AC00DB6-28AF-4EA5-BB4E-9A393F574575}.Debug|Any CPU.ActiveCfg = Debug|Any CPU
		{8AC00DB6-28AF-4EA5-BB4E-9A393F574575}.Debug|Any CPU.Build.0 = Debug|Any CPU
		{8AC00DB6-28AF-4EA5-BB4E-9A393F574575}.Debug|x64.ActiveCfg = Debug|Any CPU
		{8AC00DB6-28AF-4EA5-BB4E-9A393F574575}.Debug|x64.Build.0 = Debug|Any CPU
		{8AC00DB6-28AF-4EA5-BB4E-9A393F574575}.Debug|x86.ActiveCfg = Debug|Any CPU
		{8AC00DB6-28AF-4EA5-BB4E-9A393F574575}.Debug|x86.Build.0 = Debug|Any CPU
		{8AC00DB6-28AF-4EA5-BB4E-9A393F574575}.Release|Any CPU.ActiveCfg = Release|Any CPU
		{8AC00DB6-28AF-4EA5-BB4E-9A393F574575}.Release|Any CPU.Build.0 = Release|Any CPU
		{8AC00DB6-28AF-4EA5-BB4E-9A393F574575}.Release|x64.ActiveCfg = Release|Any CPU
		{8AC00DB6-28AF-4EA5-BB4E-9A393F574575}.Release|x64.Build.0 = Release|Any CPU
		{8AC00DB6-28AF-4EA5-BB4E-9A393F574575}.Release|x86.ActiveCfg = Release|Any CPU
		{8AC00DB6-28AF-4EA5-BB4E-9A393F574575}.Release|x86.Build.0 = Release|Any CPU
		{F756D476-58CF-9982-48C5-4702AB5F6820}.Debug|Any CPU.ActiveCfg = Debug|Any CPU
		{F756D476-58CF-9982-48C5-4702AB5F6820}.Debug|Any CPU.Build.0 = Debug|Any CPU
		{F756D476-58CF-9982-48C5-4702AB5F6820}.Debug|x64.ActiveCfg = Debug|Any CPU
		{F756D476-58CF-9982-48C5-4702AB5F6820}.Debug|x64.Build.0 = Debug|Any CPU
		{F756D476-58CF-9982-48C5-4702AB5F6820}.Debug|x86.ActiveCfg = Debug|Any CPU
		{F756D476-58CF-9982-48C5-4702AB5F6820}.Debug|x86.Build.0 = Debug|Any CPU
		{F756D476-58CF-9982-48C5-4702AB5F6820}.Release|Any CPU.ActiveCfg = Release|Any CPU
		{F756D476-58CF-9982-48C5-4702AB5F6820}.Release|Any CPU.Build.0 = Release|Any CPU
		{F756D476-58CF-9982-48C5-4702AB5F6820}.Release|x64.ActiveCfg = Release|Any CPU
		{F756D476-58CF-9982-48C5-4702AB5F6820}.Release|x64.Build.0 = Release|Any CPU
		{F756D476-58CF-9982-48C5-4702AB5F6820}.Release|x86.ActiveCfg = Release|Any CPU
		{F756D476-58CF-9982-48C5-4702AB5F6820}.Release|x86.Build.0 = Release|Any CPU
		{FAA6E823-BC41-995C-AC51-236B5D846158}.Debug|Any CPU.ActiveCfg = Debug|Any CPU
		{FAA6E823-BC41-995C-AC51-236B5D846158}.Debug|Any CPU.Build.0 = Debug|Any CPU
		{FAA6E823-BC41-995C-AC51-236B5D846158}.Debug|x64.ActiveCfg = Debug|Any CPU
		{FAA6E823-BC41-995C-AC51-236B5D846158}.Debug|x64.Build.0 = Debug|Any CPU
		{FAA6E823-BC41-995C-AC51-236B5D846158}.Debug|x86.ActiveCfg = Debug|Any CPU
		{FAA6E823-BC41-995C-AC51-236B5D846158}.Debug|x86.Build.0 = Debug|Any CPU
		{FAA6E823-BC41-995C-AC51-236B5D846158}.Release|Any CPU.ActiveCfg = Release|Any CPU
		{FAA6E823-BC41-995C-AC51-236B5D846158}.Release|Any CPU.Build.0 = Release|Any CPU
		{FAA6E823-BC41-995C-AC51-236B5D846158}.Release|x64.ActiveCfg = Release|Any CPU
		{FAA6E823-BC41-995C-AC51-236B5D846158}.Release|x64.Build.0 = Release|Any CPU
		{FAA6E823-BC41-995C-AC51-236B5D846158}.Release|x86.ActiveCfg = Release|Any CPU
		{FAA6E823-BC41-995C-AC51-236B5D846158}.Release|x86.Build.0 = Release|Any CPU
		{A0C223E1-EDB0-D432-171E-EDAFF707F8C9}.Debug|Any CPU.ActiveCfg = Debug|Any CPU
		{A0C223E1-EDB0-D432-171E-EDAFF707F8C9}.Debug|Any CPU.Build.0 = Debug|Any CPU
		{A0C223E1-EDB0-D432-171E-EDAFF707F8C9}.Debug|x64.ActiveCfg = Debug|Any CPU
		{A0C223E1-EDB0-D432-171E-EDAFF707F8C9}.Debug|x64.Build.0 = Debug|Any CPU
		{A0C223E1-EDB0-D432-171E-EDAFF707F8C9}.Debug|x86.ActiveCfg = Debug|Any CPU
		{A0C223E1-EDB0-D432-171E-EDAFF707F8C9}.Debug|x86.Build.0 = Debug|Any CPU
		{A0C223E1-EDB0-D432-171E-EDAFF707F8C9}.Release|Any CPU.ActiveCfg = Release|Any CPU
		{A0C223E1-EDB0-D432-171E-EDAFF707F8C9}.Release|Any CPU.Build.0 = Release|Any CPU
		{A0C223E1-EDB0-D432-171E-EDAFF707F8C9}.Release|x64.ActiveCfg = Release|Any CPU
		{A0C223E1-EDB0-D432-171E-EDAFF707F8C9}.Release|x64.Build.0 = Release|Any CPU
		{A0C223E1-EDB0-D432-171E-EDAFF707F8C9}.Release|x86.ActiveCfg = Release|Any CPU
		{A0C223E1-EDB0-D432-171E-EDAFF707F8C9}.Release|x86.Build.0 = Release|Any CPU
		{4E2CAEAA-8717-0D5E-75B9-3BFD0A5B23B6}.Debug|Any CPU.ActiveCfg = Debug|Any CPU
		{4E2CAEAA-8717-0D5E-75B9-3BFD0A5B23B6}.Debug|Any CPU.Build.0 = Debug|Any CPU
		{4E2CAEAA-8717-0D5E-75B9-3BFD0A5B23B6}.Debug|x64.ActiveCfg = Debug|Any CPU
		{4E2CAEAA-8717-0D5E-75B9-3BFD0A5B23B6}.Debug|x64.Build.0 = Debug|Any CPU
		{4E2CAEAA-8717-0D5E-75B9-3BFD0A5B23B6}.Debug|x86.ActiveCfg = Debug|Any CPU
		{4E2CAEAA-8717-0D5E-75B9-3BFD0A5B23B6}.Debug|x86.Build.0 = Debug|Any CPU
		{4E2CAEAA-8717-0D5E-75B9-3BFD0A5B23B6}.Release|Any CPU.ActiveCfg = Release|Any CPU
		{4E2CAEAA-8717-0D5E-75B9-3BFD0A5B23B6}.Release|Any CPU.Build.0 = Release|Any CPU
		{4E2CAEAA-8717-0D5E-75B9-3BFD0A5B23B6}.Release|x64.ActiveCfg = Release|Any CPU
		{4E2CAEAA-8717-0D5E-75B9-3BFD0A5B23B6}.Release|x64.Build.0 = Release|Any CPU
		{4E2CAEAA-8717-0D5E-75B9-3BFD0A5B23B6}.Release|x86.ActiveCfg = Release|Any CPU
		{4E2CAEAA-8717-0D5E-75B9-3BFD0A5B23B6}.Release|x86.Build.0 = Release|Any CPU
		{0D4F08FF-90B7-0F15-AF69-C36007996070}.Debug|Any CPU.ActiveCfg = Debug|Any CPU
		{0D4F08FF-90B7-0F15-AF69-C36007996070}.Debug|Any CPU.Build.0 = Debug|Any CPU
		{0D4F08FF-90B7-0F15-AF69-C36007996070}.Debug|x64.ActiveCfg = Debug|Any CPU
		{0D4F08FF-90B7-0F15-AF69-C36007996070}.Debug|x64.Build.0 = Debug|Any CPU
		{0D4F08FF-90B7-0F15-AF69-C36007996070}.Debug|x86.ActiveCfg = Debug|Any CPU
		{0D4F08FF-90B7-0F15-AF69-C36007996070}.Debug|x86.Build.0 = Debug|Any CPU
		{0D4F08FF-90B7-0F15-AF69-C36007996070}.Release|Any CPU.ActiveCfg = Release|Any CPU
		{0D4F08FF-90B7-0F15-AF69-C36007996070}.Release|Any CPU.Build.0 = Release|Any CPU
		{0D4F08FF-90B7-0F15-AF69-C36007996070}.Release|x64.ActiveCfg = Release|Any CPU
		{0D4F08FF-90B7-0F15-AF69-C36007996070}.Release|x64.Build.0 = Release|Any CPU
		{0D4F08FF-90B7-0F15-AF69-C36007996070}.Release|x86.ActiveCfg = Release|Any CPU
		{0D4F08FF-90B7-0F15-AF69-C36007996070}.Release|x86.Build.0 = Release|Any CPU
	EndGlobalSection
	GlobalSection(SolutionProperties) = preSolution
		HideSolutionNode = FALSE
	EndGlobalSection
	GlobalSection(NestedProjects) = preSolution
		{D6953CE0-6AD5-434C-99AA-7FF1E26724D4} = {02EA681E-C7D8-13C7-8484-4AC65E1B71E8}
		{5A6A013E-325D-4A5F-B2FA-659B4FD2BDBC} = {B82A5126-EE01-4B4D-B642-F954B6E4E695}
		{10F6FB83-3135-4B73-B0EB-D008A31AE8FA} = {02EA681E-C7D8-13C7-8484-4AC65E1B71E8}
		{8AC00DB6-28AF-4EA5-BB4E-9A393F574575} = {02EA681E-C7D8-13C7-8484-4AC65E1B71E8}
		{02EA681E-C7D8-13C7-8484-4AC65E1B71E8} = {F20B2AAB-FB71-4A1C-82FE-F1750B922BF6}
		{E5165ACA-0932-44A0-BCA4-BCF0FC2F8EFB} = {F20B2AAB-FB71-4A1C-82FE-F1750B922BF6}
		{F756D476-58CF-9982-48C5-4702AB5F6820} = {E5165ACA-0932-44A0-BCA4-BCF0FC2F8EFB}
		{FAA6E823-BC41-995C-AC51-236B5D846158} = {E5165ACA-0932-44A0-BCA4-BCF0FC2F8EFB}
		{A0C223E1-EDB0-D432-171E-EDAFF707F8C9} = {E5165ACA-0932-44A0-BCA4-BCF0FC2F8EFB}
		{4E2CAEAA-8717-0D5E-75B9-3BFD0A5B23B6} = {B82A5126-EE01-4B4D-B642-F954B6E4E695}
	EndGlobalSection
	GlobalSection(ExtensibilityGlobals) = postSolution
		SolutionGuid = {2B91883F-A85A-49EB-A9C1-ABD567A9375E}
	EndGlobalSection
EndGlobal
